{
  "nodes": {
    "darwin": {
      "inputs": {
        "nixpkgs": [
          "nixpkgs"
        ]
      },
      "locked": {
        "lastModified": 1743127615,
        "narHash": "sha256-+sMGqywrSr50BGMLMeY789mSrzjkoxZiu61eWjYS/8o=",
        "owner": "LnL7",
        "repo": "nix-darwin",
        "rev": "fc843893cecc1838a59713ee3e50e9e7edc6207c",
        "type": "github"
      },
      "original": {
        "owner": "LnL7",
        "ref": "nix-darwin-24.11",
        "repo": "nix-darwin",
        "type": "github"
      }
    },
    "doomemacs": {
      "flake": false,
      "locked": {
        "lastModified": 1760602791,
        "narHash": "sha256-voIvrHMgs2zFNtYDxVnyBpmSCE3NFZAhhcZsUneDMLw=",
        "owner": "doomemacs",
        "repo": "doomemacs",
        "rev": "f9664ae058d67b8d97cb8a9c40744fefc3e5479f",
        "type": "github"
      },
      "original": {
        "owner": "doomemacs",
        "repo": "doomemacs",
        "type": "github"
      }
    },
    "dotfiles": {
      "locked": {
        "lastModified": 1772223898,
        "narHash": "sha256-Zr4DZr15cRpW/w3xiBxj7BRs3VoAAONvaQGh1aTJHlw=",
        "owner": "torgeir",
        "repo": "dotfiles",
        "rev": "e2e92b9ae84b739e8091f2e9e4039153e3df0b73",
        "type": "github"
      },
      "original": {
        "owner": "torgeir",
        "repo": "dotfiles",
        "type": "github"
      }
    },
    "home-manager": {
      "inputs": {
        "nixpkgs": [
          "nixpkgs"
        ]
      },
      "locked": {
        "lastModified": 1747688870,
        "narHash": "sha256-ypL9WAZfmJr5V70jEVzqGjjQzF0uCkz+AFQF7n9NmNc=",
        "owner": "nix-community",
        "repo": "home-manager",
        "rev": "d5f1f641b289553927b3801580598d200a501863",
        "type": "github"
      },
      "original": {
        "owner": "nix-community",
        "ref": "release-24.11",
        "repo": "home-manager",
        "type": "github"
      }
    },
    "mkAlias": {
      "inputs": {
        "nixpkgs": [
          "nixpkgs"
        ]
      },
      "locked": {
        "lastModified": 1678667396,
        "narHash": "sha256-00gStGvYNlFi9d9e2KJr9qXlcJotry7YfZyv2NCAThE=",
        "owner": "cdmistman",
        "repo": "mkAlias",
        "rev": "ab1afe594a3da8be30814b735cc5ad53d7c326f7",
        "type": "github"
      },
      "original": {
        "owner": "cdmistman",
        "repo": "mkAlias",
        "type": "github"
      }
    },
    "nix-home-manager": {
      "inputs": {
        "doomemacs": "doomemacs"
      },
      "locked": {
        "lastModified": 1772295433,
        "narHash": "sha256-1P42t+cY4bV/4Mbdv6xPags3yRorsRLMCoAjtLbwnpE=",
        "owner": "torgeir",
        "repo": "nix-home-manager",
        "rev": "0dd1f8de0d597de1e631618ccfbe4e22e78249de",
        "type": "github"
      },
      "original": {
        "owner": "torgeir",
        "repo": "nix-home-manager",
        "type": "github"
      }
    },
    "nixpkgs": {
      "locked": {
        "lastModified": 1751290243,
        "narHash": "sha256-kNf+obkpJZWar7HZymXZbW+Rlk3HTEIMlpc6FCNz0Ds=",
        "owner": "NixOS",
        "repo": "nixpkgs",
        "rev": "5ab036a8d97cb9476fbe81b09076e6e91d15e1b6",
        "type": "github"
      },
      "original": {
        "owner": "NixOS",
        "ref": "nixpkgs-24.11-darwin",
        "repo": "nixpkgs",
        "type": "github"
      }
    },
    "nixpkgs-firefox-darwin": {
      "inputs": {
        "nixpkgs": "nixpkgs_2"
      },
      "locked": {
        "lastModified": 1772241442,
        "narHash": "sha256-OE8WN66zpjUY6oqx7RYV3m7L4nANhbXK2+AZElWswBs=",
        "owner": "bandithedoge",
        "repo": "nixpkgs-firefox-darwin",
        "rev": "bff1fcce2c98f5a90afbb144bef162eed49161a9",
        "type": "github"
      },
      "original": {
        "owner": "bandithedoge",
        "repo": "nixpkgs-firefox-darwin",
        "type": "github"
      }
    },
    "nixpkgs-locked": {
      "locked": {
        "lastModified": 1712791164,
        "narHash": "sha256-3sbWO1mbpWsLepZGbWaMovSO7ndZeFqDSdX0hZ9nVyw=",
        "owner": "NixOS",
        "repo": "nixpkgs",
        "rev": "1042fd8b148a9105f3c0aca3a6177fd1d9360ba5",
        "type": "github"
      },
      "original": {
        "owner": "NixOS",
        "repo": "nixpkgs",
        "rev": "1042fd8b148a9105f3c0aca3a6177fd1d9360ba5",
        "type": "github"
      }
    },
    "nixpkgs-unstable": {
      "locked": {
        "lastModified": 1771848320,
        "narHash": "sha256-0MAd+0mun3K/Ns8JATeHT1sX28faLII5hVLq0L3BdZU=",
        "owner": "NixOS",
        "repo": "nixpkgs",
        "rev": "2fc6539b481e1d2569f25f8799236694180c0993",
        "type": "github"
      },
      "original": {
        "owner": "NixOS",
        "ref": "nixos-unstable",
        "repo": "nixpkgs",
        "type": "github"
      }
    },
    "nixpkgs_2": {
      "locked": {
        "lastModified": 1746683680,
        "narHash": "sha256-+5zk+UbG0+GQlKt+gIKm+OhlYvHmkAHFXvf7hl1HDeM=",
        "owner": "NixOS",
        "repo": "nixpkgs",
        "rev": "16762245d811fdd74b417cc922223dc8eb741e8b",
        "type": "github"
      },
      "original": {
        "owner": "NixOS",
        "ref": "master",
        "repo": "nixpkgs",
        "type": "github"
      }
    },
    "root": {
      "inputs": {
        "darwin": "darwin",
        "dotfiles": "dotfiles",
        "home-manager": "home-manager",
        "mkAlias": "mkAlias",
        "nix-home-manager": "nix-home-manager",
        "nixpkgs": "nixpkgs",
        "nixpkgs-firefox-darwin": "nixpkgs-firefox-darwin",
        "nixpkgs-locked": "nixpkgs-locked",
        "nixpkgs-unstable": "nixpkgs-unstable"
      }
    }
  },
  "root": "root",
  "version": 7
}
