{
  "nodes": {
    "darwin": {
      "inputs": {
        "nixpkgs": [
          "nixpkgs"
        ]
      },
      "locked": {
        "lastModified": 1743127615,
        "narHash": "sha256-+sMGqywrSr50BGMLMeY789mSrzjkoxZiu61eWjYS/8o=",
        "owner": "LnL7",
        "repo": "nix-darwin",
        "rev": "fc843893cecc1838a59713ee3e50e9e7edc6207c",
        "type": "github"
      },
      "original": {
        "owner": "LnL7",
        "ref": "nix-darwin-24.11",
        "repo": "nix-darwin",
        "type": "github"
      }
    },
    "dotfiles": {
      "locked": {
        "lastModified": 1758610632,
        "narHash": "sha256-1/P/JsAVt5YeE/UZzmx412nf+50SMeMdRx1KpMVyBHY=",
        "owner": "torgeir",
        "repo": "dotfiles",
        "rev": "70cb7842c3789c7b35c671e1633fe08dcbd7db24",
        "type": "github"
      },
      "original": {
        "owner": "torgeir",
        "repo": "dotfiles",
        "type": "github"
      }
    },
    "home-manager": {
      "inputs": {
        "nixpkgs": [
          "nixpkgs"
        ]
      },
      "locked": {
        "lastModified": 1747688870,
        "narHash": "sha256-ypL9WAZfmJr5V70jEVzqGjjQzF0uCkz+AFQF7n9NmNc=",
        "owner": "nix-community",
        "repo": "home-manager",
        "rev": "d5f1f641b289553927b3801580598d200a501863",
        "type": "github"
      },
      "original": {
        "owner": "nix-community",
        "ref": "release-24.11",
        "repo": "home-manager",
        "type": "github"
      }
    },
    "mkAlias": {
      "inputs": {
        "nixpkgs": [
          "nixpkgs"
        ]
      },
      "locked": {
        "lastModified": 1678667396,
        "narHash": "sha256-00gStGvYNlFi9d9e2KJr9qXlcJotry7YfZyv2NCAThE=",
        "owner": "cdmistman",
        "repo": "mkAlias",
        "rev": "ab1afe594a3da8be30814b735cc5ad53d7c326f7",
        "type": "github"
      },
      "original": {
        "owner": "cdmistman",
        "repo": "mkAlias",
        "type": "github"
      }
    },
    "nix-home-manager": {
      "locked": {
        "lastModified": 1757058832,
        "narHash": "sha256-Wq16ChnOh2UhoHmuqKXN7WVV0filYrVVmpPFxGLP+BM=",
        "owner": "torgeir",
        "repo": "nix-home-manager",
        "rev": "4d49aa3b2fa84176e8c927013c0e05ff9664db10",
        "type": "github"
      },
      "original": {
        "owner": "torgeir",
        "repo": "nix-home-manager",
        "type": "github"
      }
    },
    "nixpkgs": {
      "locked": {
        "lastModified": 1751290243,
        "narHash": "sha256-kNf+obkpJZWar7HZymXZbW+Rlk3HTEIMlpc6FCNz0Ds=",
        "owner": "NixOS",
        "repo": "nixpkgs",
        "rev": "5ab036a8d97cb9476fbe81b09076e6e91d15e1b6",
        "type": "github"
      },
      "original": {
        "owner": "NixOS",
        "ref": "nixpkgs-24.11-darwin",
        "repo": "nixpkgs",
        "type": "github"
      }
    },
    "nixpkgs-firefox-darwin": {
      "inputs": {
        "nixpkgs": "nixpkgs_2"
      },
      "locked": {
        "lastModified": 1757638711,
        "narHash": "sha256-z/0f6a3/tnee5J9xZopJ7WLRlvUdZFhXzu+WlGCGBhc=",
        "owner": "bandithedoge",
        "repo": "nixpkgs-firefox-darwin",
        "rev": "f19b27b70b0783d3cc9e1c2086fbf6d84e248020",
        "type": "github"
      },
      "original": {
        "owner": "bandithedoge",
        "repo": "nixpkgs-firefox-darwin",
        "type": "github"
      }
    },
    "nixpkgs-locked": {
      "locked": {
        "lastModified": 1712791164,
        "narHash": "sha256-3sbWO1mbpWsLepZGbWaMovSO7ndZeFqDSdX0hZ9nVyw=",
        "owner": "NixOS",
        "repo": "nixpkgs",
        "rev": "1042fd8b148a9105f3c0aca3a6177fd1d9360ba5",
        "type": "github"
      },
      "original": {
        "owner": "NixOS",
        "repo": "nixpkgs",
        "rev": "1042fd8b148a9105f3c0aca3a6177fd1d9360ba5",
        "type": "github"
      }
    },
    "nixpkgs-unstable": {
      "locked": {
        "lastModified": 1757487488,
        "narHash": "sha256-zwE/e7CuPJUWKdvvTCB7iunV4E/+G0lKfv4kk/5Izdg=",
        "owner": "NixOS",
        "repo": "nixpkgs",
        "rev": "ab0f3607a6c7486ea22229b92ed2d355f1482ee0",
        "type": "github"
      },
      "original": {
        "owner": "NixOS",
        "ref": "nixos-unstable",
        "repo": "nixpkgs",
        "type": "github"
      }
    },
    "nixpkgs_2": {
      "locked": {
        "lastModified": 1746683680,
        "narHash": "sha256-+5zk+UbG0+GQlKt+gIKm+OhlYvHmkAHFXvf7hl1HDeM=",
        "owner": "NixOS",
        "repo": "nixpkgs",
        "rev": "16762245d811fdd74b417cc922223dc8eb741e8b",
        "type": "github"
      },
      "original": {
        "owner": "NixOS",
        "ref": "master",
        "repo": "nixpkgs",
        "type": "github"
      }
    },
    "root": {
      "inputs": {
        "darwin": "darwin",
        "dotfiles": "dotfiles",
        "home-manager": "home-manager",
        "mkAlias": "mkAlias",
        "nix-home-manager": "nix-home-manager",
        "nixpkgs": "nixpkgs",
        "nixpkgs-firefox-darwin": "nixpkgs-firefox-darwin",
        "nixpkgs-locked": "nixpkgs-locked",
        "nixpkgs-unstable": "nixpkgs-unstable"
      }
    }
  },
  "root": "root",
  "version": 7
}
